// !$*UTF8*$!
{
	archiveVersion = 1;
	classes = {
	};
	objectVersion = 56;
	objects = {

/* Begin PBXBuildFile section */
		25088DD929CDD33E006799CA /* CleverImage.framework in Frameworks */ = {isa = PBXBuildFile; fileRef = 25088DD029CDD33D006799CA /* CleverImage.framework */; };
		25088DE929CDD589006799CA /* README.md in Resources */ = {isa = PBXBuildFile; fileRef = 25088DE829CDD589006799CA /* README.md */; };
		25088DEB29CEF422006799CA /* Image.swift in Sources */ = {isa = PBXBuildFile; fileRef = 25088DEA29CEF422006799CA /* Image.swift */; };
		25088DED29CEF49A006799CA /* SignInUseCase.swift in Sources */ = {isa = PBXBuildFile; fileRef = 25088DEC29CEF49A006799CA /* SignInUseCase.swift */; };
		25088DF029CEF8DE006799CA /* RemoteSignInTests.swift in Sources */ = {isa = PBXBuildFile; fileRef = 25088DEF29CEF8DE006799CA /* RemoteSignInTests.swift */; };
		25088DF329CEFA3B006799CA /* HTTPClient.swift in Sources */ = {isa = PBXBuildFile; fileRef = 25088DF229CEFA3B006799CA /* HTTPClient.swift */; };
		25088DF629CEFF8B006799CA /* SharedTestHelpers.swift in Sources */ = {isa = PBXBuildFile; fileRef = 25088DF529CEFF8B006799CA /* SharedTestHelpers.swift */; };
		25088DF829CF0133006799CA /* XCTestCase+MemoryLeakTracking.swift in Sources */ = {isa = PBXBuildFile; fileRef = 25088DF729CF0133006799CA /* XCTestCase+MemoryLeakTracking.swift */; };
		25088DFB29CF15D9006799CA /* RemoteSignIn.swift in Sources */ = {isa = PBXBuildFile; fileRef = 25088DFA29CF15D9006799CA /* RemoteSignIn.swift */; };
		25088DFD29CF2A6C006799CA /* UIImage+TestHelpers.swift in Sources */ = {isa = PBXBuildFile; fileRef = 25088DFC29CF2A6C006799CA /* UIImage+TestHelpers.swift */; };
		25088DFF29CF6951006799CA /* RemoteImageMapper.swift in Sources */ = {isa = PBXBuildFile; fileRef = 25088DFE29CF6951006799CA /* RemoteImageMapper.swift */; };
		25088E0129D19BAE006799CA /* URLSessionHTTPClient.swift in Sources */ = {isa = PBXBuildFile; fileRef = 25088E0029D19BAE006799CA /* URLSessionHTTPClient.swift */; };
		25088E2E29D1B7BE006799CA /* CleverAppApp.swift in Sources */ = {isa = PBXBuildFile; fileRef = 25088E2D29D1B7BE006799CA /* CleverAppApp.swift */; };
		25088E3029D1B7BE006799CA /* ContentView.swift in Sources */ = {isa = PBXBuildFile; fileRef = 25088E2F29D1B7BE006799CA /* ContentView.swift */; };
		25088E3229D1B7C1006799CA /* Assets.xcassets in Resources */ = {isa = PBXBuildFile; fileRef = 25088E3129D1B7C1006799CA /* Assets.xcassets */; };
		25088E3529D1B7C1006799CA /* Preview Assets.xcassets in Resources */ = {isa = PBXBuildFile; fileRef = 25088E3429D1B7C1006799CA /* Preview Assets.xcassets */; };
		25088E3F29D1B7C2006799CA /* CleverAppTests.swift in Sources */ = {isa = PBXBuildFile; fileRef = 25088E3E29D1B7C2006799CA /* CleverAppTests.swift */; };
		25088E4929D1B7C2006799CA /* CleverAppUITests.swift in Sources */ = {isa = PBXBuildFile; fileRef = 25088E4829D1B7C2006799CA /* CleverAppUITests.swift */; };
		25088E4B29D1B7C2006799CA /* CleverAppUITestsLaunchTests.swift in Sources */ = {isa = PBXBuildFile; fileRef = 25088E4A29D1B7C2006799CA /* CleverAppUITestsLaunchTests.swift */; };
		25088E5629D1BA69006799CA /* SignInView.swift in Sources */ = {isa = PBXBuildFile; fileRef = 25088E5529D1BA69006799CA /* SignInView.swift */; };
		25088E5829D1BEBB006799CA /* MockSignInUseCase.swift in Sources */ = {isa = PBXBuildFile; fileRef = 25088E5729D1BEBB006799CA /* MockSignInUseCase.swift */; };
		25088E5A29D1CCB2006799CA /* CleverImage.framework in Frameworks */ = {isa = PBXBuildFile; fileRef = 25088DD029CDD33D006799CA /* CleverImage.framework */; };
		25088E5B29D1CCB2006799CA /* CleverImage.framework in Embed Frameworks */ = {isa = PBXBuildFile; fileRef = 25088DD029CDD33D006799CA /* CleverImage.framework */; settings = {ATTRIBUTES = (CodeSignOnCopy, RemoveHeadersOnCopy, ); }; };
		25088E6129D334F4006799CA /* Image+Data.swift in Sources */ = {isa = PBXBuildFile; fileRef = 25088E6029D334F4006799CA /* Image+Data.swift */; };
/* End PBXBuildFile section */

/* Begin PBXContainerItemProxy section */
		25088DDA29CDD33E006799CA /* PBXContainerItemProxy */ = {
			isa = PBXContainerItemProxy;
			containerPortal = 25088DC729CDD33D006799CA /* Project object */;
			proxyType = 1;
			remoteGlobalIDString = 25088DCF29CDD33D006799CA;
			remoteInfo = CleverImage;
		};
		25088E3B29D1B7C2006799CA /* PBXContainerItemProxy */ = {
			isa = PBXContainerItemProxy;
			containerPortal = 25088DC729CDD33D006799CA /* Project object */;
			proxyType = 1;
			remoteGlobalIDString = 25088E2A29D1B7BE006799CA;
			remoteInfo = CleverApp;
		};
		25088E4529D1B7C2006799CA /* PBXContainerItemProxy */ = {
			isa = PBXContainerItemProxy;
			containerPortal = 25088DC729CDD33D006799CA /* Project object */;
			proxyType = 1;
			remoteGlobalIDString = 25088E2A29D1B7BE006799CA;
			remoteInfo = CleverApp;
		};
		25088E5C29D1CCB2006799CA /* PBXContainerItemProxy */ = {
			isa = PBXContainerItemProxy;
			containerPortal = 25088DC729CDD33D006799CA /* Project object */;
			proxyType = 1;
			remoteGlobalIDString = 25088DCF29CDD33D006799CA;
			remoteInfo = CleverImage;
		};
/* End PBXContainerItemProxy section */

/* Begin PBXCopyFilesBuildPhase section */
		25088E5E29D1CCB3006799CA /* Embed Frameworks */ = {
			isa = PBXCopyFilesBuildPhase;
			buildActionMask = 2147483647;
			dstPath = "";
			dstSubfolderSpec = 10;
			files = (
				25088E5B29D1CCB2006799CA /* CleverImage.framework in Embed Frameworks */,
			);
			name = "Embed Frameworks";
			runOnlyForDeploymentPostprocessing = 0;
		};
/* End PBXCopyFilesBuildPhase section */

/* Begin PBXFileReference section */
		25088DD029CDD33D006799CA /* CleverImage.framework */ = {isa = PBXFileReference; explicitFileType = wrapper.framework; includeInIndex = 0; path = CleverImage.framework; sourceTree = BUILT_PRODUCTS_DIR; };
		25088DD829CDD33E006799CA /* CleverImageTests.xctest */ = {isa = PBXFileReference; explicitFileType = wrapper.cfbundle; includeInIndex = 0; path = CleverImageTests.xctest; sourceTree = BUILT_PRODUCTS_DIR; };
		25088DE829CDD589006799CA /* README.md */ = {isa = PBXFileReference; fileEncoding = 4; lastKnownFileType = net.daringfireball.markdown; path = README.md; sourceTree = "<group>"; };
		25088DEA29CEF422006799CA /* Image.swift */ = {isa = PBXFileReference; lastKnownFileType = sourcecode.swift; path = Image.swift; sourceTree = "<group>"; };
		25088DEC29CEF49A006799CA /* SignInUseCase.swift */ = {isa = PBXFileReference; lastKnownFileType = sourcecode.swift; path = SignInUseCase.swift; sourceTree = "<group>"; };
		25088DEF29CEF8DE006799CA /* RemoteSignInTests.swift */ = {isa = PBXFileReference; lastKnownFileType = sourcecode.swift; path = RemoteSignInTests.swift; sourceTree = "<group>"; };
		25088DF229CEFA3B006799CA /* HTTPClient.swift */ = {isa = PBXFileReference; lastKnownFileType = sourcecode.swift; path = HTTPClient.swift; sourceTree = "<group>"; };
		25088DF529CEFF8B006799CA /* SharedTestHelpers.swift */ = {isa = PBXFileReference; lastKnownFileType = sourcecode.swift; path = SharedTestHelpers.swift; sourceTree = "<group>"; };
		25088DF729CF0133006799CA /* XCTestCase+MemoryLeakTracking.swift */ = {isa = PBXFileReference; lastKnownFileType = sourcecode.swift; path = "XCTestCase+MemoryLeakTracking.swift"; sourceTree = "<group>"; };
		25088DFA29CF15D9006799CA /* RemoteSignIn.swift */ = {isa = PBXFileReference; lastKnownFileType = sourcecode.swift; path = RemoteSignIn.swift; sourceTree = "<group>"; };
		25088DFC29CF2A6C006799CA /* UIImage+TestHelpers.swift */ = {isa = PBXFileReference; lastKnownFileType = sourcecode.swift; path = "UIImage+TestHelpers.swift"; sourceTree = "<group>"; };
		25088DFE29CF6951006799CA /* RemoteImageMapper.swift */ = {isa = PBXFileReference; lastKnownFileType = sourcecode.swift; path = RemoteImageMapper.swift; sourceTree = "<group>"; };
		25088E0029D19BAE006799CA /* URLSessionHTTPClient.swift */ = {isa = PBXFileReference; lastKnownFileType = sourcecode.swift; path = URLSessionHTTPClient.swift; sourceTree = "<group>"; };
		25088E2B29D1B7BE006799CA /* CleverApp.app */ = {isa = PBXFileReference; explicitFileType = wrapper.application; includeInIndex = 0; path = CleverApp.app; sourceTree = BUILT_PRODUCTS_DIR; };
		25088E2D29D1B7BE006799CA /* CleverAppApp.swift */ = {isa = PBXFileReference; lastKnownFileType = sourcecode.swift; path = CleverAppApp.swift; sourceTree = "<group>"; };
		25088E2F29D1B7BE006799CA /* ContentView.swift */ = {isa = PBXFileReference; lastKnownFileType = sourcecode.swift; path = ContentView.swift; sourceTree = "<group>"; };
		25088E3129D1B7C1006799CA /* Assets.xcassets */ = {isa = PBXFileReference; lastKnownFileType = folder.assetcatalog; path = Assets.xcassets; sourceTree = "<group>"; };
		25088E3429D1B7C1006799CA /* Preview Assets.xcassets */ = {isa = PBXFileReference; lastKnownFileType = folder.assetcatalog; path = "Preview Assets.xcassets"; sourceTree = "<group>"; };
		25088E3A29D1B7C1006799CA /* CleverAppTests.xctest */ = {isa = PBXFileReference; explicitFileType = wrapper.cfbundle; includeInIndex = 0; path = CleverAppTests.xctest; sourceTree = BUILT_PRODUCTS_DIR; };
		25088E3E29D1B7C2006799CA /* CleverAppTests.swift */ = {isa = PBXFileReference; lastKnownFileType = sourcecode.swift; path = CleverAppTests.swift; sourceTree = "<group>"; };
		25088E4429D1B7C2006799CA /* CleverAppUITests.xctest */ = {isa = PBXFileReference; explicitFileType = wrapper.cfbundle; includeInIndex = 0; path = CleverAppUITests.xctest; sourceTree = BUILT_PRODUCTS_DIR; };
		25088E4829D1B7C2006799CA /* CleverAppUITests.swift */ = {isa = PBXFileReference; lastKnownFileType = sourcecode.swift; path = CleverAppUITests.swift; sourceTree = "<group>"; };
		25088E4A29D1B7C2006799CA /* CleverAppUITestsLaunchTests.swift */ = {isa = PBXFileReference; lastKnownFileType = sourcecode.swift; path = CleverAppUITestsLaunchTests.swift; sourceTree = "<group>"; };
		25088E5529D1BA69006799CA /* SignInView.swift */ = {isa = PBXFileReference; lastKnownFileType = sourcecode.swift; path = SignInView.swift; sourceTree = "<group>"; };
		25088E5729D1BEBB006799CA /* MockSignInUseCase.swift */ = {isa = PBXFileReference; lastKnownFileType = sourcecode.swift; path = MockSignInUseCase.swift; sourceTree = "<group>"; };
		25088E6029D334F4006799CA /* Image+Data.swift */ = {isa = PBXFileReference; lastKnownFileType = sourcecode.swift; path = "Image+Data.swift"; sourceTree = "<group>"; };
/* End PBXFileReference section */

/* Begin PBXFrameworksBuildPhase section */
		25088DCD29CDD33D006799CA /* Frameworks */ = {
			isa = PBXFrameworksBuildPhase;
			buildActionMask = 2147483647;
			files = (
			);
			runOnlyForDeploymentPostprocessing = 0;
		};
		25088DD529CDD33E006799CA /* Frameworks */ = {
			isa = PBXFrameworksBuildPhase;
			buildActionMask = 2147483647;
			files = (
				25088DD929CDD33E006799CA /* CleverImage.framework in Frameworks */,
			);
			runOnlyForDeploymentPostprocessing = 0;
		};
		25088E2829D1B7BE006799CA /* Frameworks */ = {
			isa = PBXFrameworksBuildPhase;
			buildActionMask = 2147483647;
			files = (
				25088E5A29D1CCB2006799CA /* CleverImage.framework in Frameworks */,
			);
			runOnlyForDeploymentPostprocessing = 0;
		};
		25088E3729D1B7C1006799CA /* Frameworks */ = {
			isa = PBXFrameworksBuildPhase;
			buildActionMask = 2147483647;
			files = (
			);
			runOnlyForDeploymentPostprocessing = 0;
		};
		25088E4129D1B7C2006799CA /* Frameworks */ = {
			isa = PBXFrameworksBuildPhase;
			buildActionMask = 2147483647;
			files = (
			);
			runOnlyForDeploymentPostprocessing = 0;
		};
/* End PBXFrameworksBuildPhase section */

/* Begin PBXGroup section */
		25088DC629CDD33D006799CA = {
			isa = PBXGroup;
			children = (
				25088DE829CDD589006799CA /* README.md */,
				25088DD229CDD33D006799CA /* CleverImage */,
				25088DDC29CDD33E006799CA /* CleverImageTests */,
				25088E2C29D1B7BE006799CA /* CleverApp */,
				25088E3D29D1B7C2006799CA /* CleverAppTests */,
				25088E4729D1B7C2006799CA /* CleverAppUITests */,
				25088DD129CDD33D006799CA /* Products */,
				25088E5929D1CCB2006799CA /* Frameworks */,
			);
			sourceTree = "<group>";
		};
		25088DD129CDD33D006799CA /* Products */ = {
			isa = PBXGroup;
			children = (
				25088DD029CDD33D006799CA /* CleverImage.framework */,
				25088DD829CDD33E006799CA /* CleverImageTests.xctest */,
				25088E2B29D1B7BE006799CA /* CleverApp.app */,
				25088E3A29D1B7C1006799CA /* CleverAppTests.xctest */,
				25088E4429D1B7C2006799CA /* CleverAppUITests.xctest */,
			);
			name = Products;
			sourceTree = "<group>";
		};
		25088DD229CDD33D006799CA /* CleverImage */ = {
			isa = PBXGroup;
			children = (
				25088DF929CF15AF006799CA /* SignIn API */,
				25088DF129CEFA29006799CA /* Shared API */,
				25088DEE29CEF867006799CA /* SignIn Feature */,
			);
			path = CleverImage;
			sourceTree = "<group>";
		};
		25088DDC29CDD33E006799CA /* CleverImageTests */ = {
			isa = PBXGroup;
			children = (
				25088DF429CEFF75006799CA /* Helpers */,
				25088DEF29CEF8DE006799CA /* RemoteSignInTests.swift */,
			);
			path = CleverImageTests;
			sourceTree = "<group>";
		};
		25088DEE29CEF867006799CA /* SignIn Feature */ = {
			isa = PBXGroup;
			children = (
				25088DEA29CEF422006799CA /* Image.swift */,
				25088DEC29CEF49A006799CA /* SignInUseCase.swift */,
			);
			path = "SignIn Feature";
			sourceTree = "<group>";
		};
		25088DF129CEFA29006799CA /* Shared API */ = {
			isa = PBXGroup;
			children = (
				25088DF229CEFA3B006799CA /* HTTPClient.swift */,
				25088E0029D19BAE006799CA /* URLSessionHTTPClient.swift */,
			);
			path = "Shared API";
			sourceTree = "<group>";
		};
		25088DF429CEFF75006799CA /* Helpers */ = {
			isa = PBXGroup;
			children = (
				25088DF729CF0133006799CA /* XCTestCase+MemoryLeakTracking.swift */,
				25088DF529CEFF8B006799CA /* SharedTestHelpers.swift */,
				25088DFC29CF2A6C006799CA /* UIImage+TestHelpers.swift */,
			);
			path = Helpers;
			sourceTree = "<group>";
		};
		25088DF929CF15AF006799CA /* SignIn API */ = {
			isa = PBXGroup;
			children = (
				25088DFA29CF15D9006799CA /* RemoteSignIn.swift */,
				25088DFE29CF6951006799CA /* RemoteImageMapper.swift */,
			);
			path = "SignIn API";
			sourceTree = "<group>";
		};
		25088E2C29D1B7BE006799CA /* CleverApp */ = {
			isa = PBXGroup;
			children = (
				25088E5F29D334E2006799CA /* Helpers */,
				25088E2D29D1B7BE006799CA /* CleverAppApp.swift */,
				25088E2F29D1B7BE006799CA /* ContentView.swift */,
				25088E5529D1BA69006799CA /* SignInView.swift */,
				25088E3129D1B7C1006799CA /* Assets.xcassets */,
				25088E3329D1B7C1006799CA /* Preview Content */,
			);
			path = CleverApp;
			sourceTree = "<group>";
		};
		25088E3329D1B7C1006799CA /* Preview Content */ = {
			isa = PBXGroup;
			children = (
				25088E3429D1B7C1006799CA /* Preview Assets.xcassets */,
				25088E5729D1BEBB006799CA /* MockSignInUseCase.swift */,
			);
			path = "Preview Content";
			sourceTree = "<group>";
		};
		25088E3D29D1B7C2006799CA /* CleverAppTests */ = {
			isa = PBXGroup;
			children = (
				25088E3E29D1B7C2006799CA /* CleverAppTests.swift */,
			);
			path = CleverAppTests;
			sourceTree = "<group>";
		};
		25088E4729D1B7C2006799CA /* CleverAppUITests */ = {
			isa = PBXGroup;
			children = (
				25088E4829D1B7C2006799CA /* CleverAppUITests.swift */,
				25088E4A29D1B7C2006799CA /* CleverAppUITestsLaunchTests.swift */,
			);
			path = CleverAppUITests;
			sourceTree = "<group>";
		};
		25088E5929D1CCB2006799CA /* Frameworks */ = {
			isa = PBXGroup;
			children = (
			);
			name = Frameworks;
			sourceTree = "<group>";
		};
		25088E5F29D334E2006799CA /* Helpers */ = {
			isa = PBXGroup;
			children = (
				25088E6029D334F4006799CA /* Image+Data.swift */,
			);
			path = Helpers;
			sourceTree = "<group>";
		};
/* End PBXGroup section */

/* Begin PBXHeadersBuildPhase section */
		25088DCB29CDD33D006799CA /* Headers */ = {
			isa = PBXHeadersBuildPhase;
			buildActionMask = 2147483647;
			files = (
			);
			runOnlyForDeploymentPostprocessing = 0;
		};
/* End PBXHeadersBuildPhase section */

/* Begin PBXNativeTarget section */
		25088DCF29CDD33D006799CA /* CleverImage */ = {
			isa = PBXNativeTarget;
			buildConfigurationList = 25088DE229CDD33E006799CA /* Build configuration list for PBXNativeTarget "CleverImage" */;
			buildPhases = (
				25088DCB29CDD33D006799CA /* Headers */,
				25088DCC29CDD33D006799CA /* Sources */,
				25088DCD29CDD33D006799CA /* Frameworks */,
				25088DCE29CDD33D006799CA /* Resources */,
			);
			buildRules = (
			);
			dependencies = (
			);
			name = CleverImage;
			productName = CleverImage;
			productReference = 25088DD029CDD33D006799CA /* CleverImage.framework */;
			productType = "com.apple.product-type.framework";
		};
		25088DD729CDD33E006799CA /* CleverImageTests */ = {
			isa = PBXNativeTarget;
			buildConfigurationList = 25088DE529CDD33E006799CA /* Build configuration list for PBXNativeTarget "CleverImageTests" */;
			buildPhases = (
				25088DD429CDD33E006799CA /* Sources */,
				25088DD529CDD33E006799CA /* Frameworks */,
				25088DD629CDD33E006799CA /* Resources */,
			);
			buildRules = (
			);
			dependencies = (
				25088DDB29CDD33E006799CA /* PBXTargetDependency */,
			);
			name = CleverImageTests;
			productName = CleverImageTests;
			productReference = 25088DD829CDD33E006799CA /* CleverImageTests.xctest */;
			productType = "com.apple.product-type.bundle.unit-test";
		};
		25088E2A29D1B7BE006799CA /* CleverApp */ = {
			isa = PBXNativeTarget;
			buildConfigurationList = 25088E5229D1B7C2006799CA /* Build configuration list for PBXNativeTarget "CleverApp" */;
			buildPhases = (
				25088E2729D1B7BE006799CA /* Sources */,
				25088E2829D1B7BE006799CA /* Frameworks */,
				25088E2929D1B7BE006799CA /* Resources */,
				25088E5E29D1CCB3006799CA /* Embed Frameworks */,
			);
			buildRules = (
			);
			dependencies = (
				25088E5D29D1CCB2006799CA /* PBXTargetDependency */,
			);
			name = CleverApp;
			productName = CleverApp;
			productReference = 25088E2B29D1B7BE006799CA /* CleverApp.app */;
			productType = "com.apple.product-type.application";
		};
		25088E3929D1B7C1006799CA /* CleverAppTests */ = {
			isa = PBXNativeTarget;
			buildConfigurationList = 25088E5329D1B7C2006799CA /* Build configuration list for PBXNativeTarget "CleverAppTests" */;
			buildPhases = (
				25088E3629D1B7C1006799CA /* Sources */,
				25088E3729D1B7C1006799CA /* Frameworks */,
				25088E3829D1B7C1006799CA /* Resources */,
			);
			buildRules = (
			);
			dependencies = (
				25088E3C29D1B7C2006799CA /* PBXTargetDependency */,
			);
			name = CleverAppTests;
			productName = CleverAppTests;
			productReference = 25088E3A29D1B7C1006799CA /* CleverAppTests.xctest */;
			productType = "com.apple.product-type.bundle.unit-test";
		};
		25088E4329D1B7C2006799CA /* CleverAppUITests */ = {
			isa = PBXNativeTarget;
			buildConfigurationList = 25088E5429D1B7C2006799CA /* Build configuration list for PBXNativeTarget "CleverAppUITests" */;
			buildPhases = (
				25088E4029D1B7C2006799CA /* Sources */,
				25088E4129D1B7C2006799CA /* Frameworks */,
				25088E4229D1B7C2006799CA /* Resources */,
			);
			buildRules = (
			);
			dependencies = (
				25088E4629D1B7C2006799CA /* PBXTargetDependency */,
			);
			name = CleverAppUITests;
			productName = CleverAppUITests;
			productReference = 25088E4429D1B7C2006799CA /* CleverAppUITests.xctest */;
			productType = "com.apple.product-type.bundle.ui-testing";
		};
/* End PBXNativeTarget section */

/* Begin PBXProject section */
		25088DC729CDD33D006799CA /* Project object */ = {
			isa = PBXProject;
			attributes = {
				BuildIndependentTargetsInParallel = 1;
				LastSwiftUpdateCheck = 1420;
				LastUpgradeCheck = 1420;
				TargetAttributes = {
					25088DCF29CDD33D006799CA = {
						CreatedOnToolsVersion = 14.2;
						LastSwiftMigration = 1420;
					};
					25088DD729CDD33E006799CA = {
						CreatedOnToolsVersion = 14.2;
						LastSwiftMigration = 1420;
					};
					25088E2A29D1B7BE006799CA = {
						CreatedOnToolsVersion = 14.2;
					};
					25088E3929D1B7C1006799CA = {
						CreatedOnToolsVersion = 14.2;
						TestTargetID = 25088E2A29D1B7BE006799CA;
					};
					25088E4329D1B7C2006799CA = {
						CreatedOnToolsVersion = 14.2;
						TestTargetID = 25088E2A29D1B7BE006799CA;
					};
				};
			};
			buildConfigurationList = 25088DCA29CDD33D006799CA /* Build configuration list for PBXProject "CleverImage" */;
			compatibilityVersion = "Xcode 14.0";
			developmentRegion = en;
			hasScannedForEncodings = 0;
			knownRegions = (
				en,
				Base,
			);
			mainGroup = 25088DC629CDD33D006799CA;
			productRefGroup = 25088DD129CDD33D006799CA /* Products */;
			projectDirPath = "";
			projectRoot = "";
			targets = (
				25088DCF29CDD33D006799CA /* CleverImage */,
				25088DD729CDD33E006799CA /* CleverImageTests */,
				25088E2A29D1B7BE006799CA /* CleverApp */,
				25088E3929D1B7C1006799CA /* CleverAppTests */,
				25088E4329D1B7C2006799CA /* CleverAppUITests */,
			);
		};
/* End PBXProject section */

/* Begin PBXResourcesBuildPhase section */
		25088DCE29CDD33D006799CA /* Resources */ = {
			isa = PBXResourcesBuildPhase;
			buildActionMask = 2147483647;
			files = (
				25088DE929CDD589006799CA /* README.md in Resources */,
			);
			runOnlyForDeploymentPostprocessing = 0;
		};
		25088DD629CDD33E006799CA /* Resources */ = {
			isa = PBXResourcesBuildPhase;
			buildActionMask = 2147483647;
			files = (
			);
			runOnlyForDeploymentPostprocessing = 0;
		};
		25088E2929D1B7BE006799CA /* Resources */ = {
			isa = PBXResourcesBuildPhase;
			buildActionMask = 2147483647;
			files = (
				25088E3529D1B7C1006799CA /* Preview Assets.xcassets in Resources */,
				25088E3229D1B7C1006799CA /* Assets.xcassets in Resources */,
			);
			runOnlyForDeploymentPostprocessing = 0;
		};
		25088E3829D1B7C1006799CA /* Resources */ = {
			isa = PBXResourcesBuildPhase;
			buildActionMask = 2147483647;
			files = (
			);
			runOnlyForDeploymentPostprocessing = 0;
		};
		25088E4229D1B7C2006799CA /* Resources */ = {
			isa = PBXResourcesBuildPhase;
			buildActionMask = 2147483647;
			files = (
			);
			runOnlyForDeploymentPostprocessing = 0;
		};
/* End PBXResourcesBuildPhase section */

/* Begin PBXSourcesBuildPhase section */
		25088DCC29CDD33D006799CA /* Sources */ = {
			isa = PBXSourcesBuildPhase;
			buildActionMask = 2147483647;
			files = (
				25088DED29CEF49A006799CA /* SignInUseCase.swift in Sources */,
				25088DFB29CF15D9006799CA /* RemoteSignIn.swift in Sources */,
				25088DEB29CEF422006799CA /* Image.swift in Sources */,
				25088DFF29CF6951006799CA /* RemoteImageMapper.swift in Sources */,
				25088DF329CEFA3B006799CA /* HTTPClient.swift in Sources */,
				25088E0129D19BAE006799CA /* URLSessionHTTPClient.swift in Sources */,
			);
			runOnlyForDeploymentPostprocessing = 0;
		};
		25088DD429CDD33E006799CA /* Sources */ = {
			isa = PBXSourcesBuildPhase;
			buildActionMask = 2147483647;
			files = (
				25088DF629CEFF8B006799CA /* SharedTestHelpers.swift in Sources */,
				25088DF029CEF8DE006799CA /* RemoteSignInTests.swift in Sources */,
				25088DF829CF0133006799CA /* XCTestCase+MemoryLeakTracking.swift in Sources */,
				25088DFD29CF2A6C006799CA /* UIImage+TestHelpers.swift in Sources */,
			);
			runOnlyForDeploymentPostprocessing = 0;
		};
		25088E2729D1B7BE006799CA /* Sources */ = {
			isa = PBXSourcesBuildPhase;
			buildActionMask = 2147483647;
			files = (
				25088E5629D1BA69006799CA /* SignInView.swift in Sources */,
				25088E5829D1BEBB006799CA /* MockSignInUseCase.swift in Sources */,
				25088E6129D334F4006799CA /* Image+Data.swift in Sources */,
				25088E3029D1B7BE006799CA /* ContentView.swift in Sources */,
				25088E2E29D1B7BE006799CA /* CleverAppApp.swift in Sources */,
			);
			runOnlyForDeploymentPostprocessing = 0;
		};
		25088E3629D1B7C1006799CA /* Sources */ = {
			isa = PBXSourcesBuildPhase;
			buildActionMask = 2147483647;
			files = (
				25088E3F29D1B7C2006799CA /* CleverAppTests.swift in Sources */,
			);
			runOnlyForDeploymentPostprocessing = 0;
		};
		25088E4029D1B7C2006799CA /* Sources */ = {
			isa = PBXSourcesBuildPhase;
			buildActionMask = 2147483647;
			files = (
				25088E4929D1B7C2006799CA /* CleverAppUITests.swift in Sources */,
				25088E4B29D1B7C2006799CA /* CleverAppUITestsLaunchTests.swift in Sources */,
			);
			runOnlyForDeploymentPostprocessing = 0;
		};
/* End PBXSourcesBuildPhase section */

/* Begin PBXTargetDependency section */
		25088DDB29CDD33E006799CA /* PBXTargetDependency */ = {
			isa = PBXTargetDependency;
			target = 25088DCF29CDD33D006799CA /* CleverImage */;
			targetProxy = 25088DDA29CDD33E006799CA /* PBXContainerItemProxy */;
		};
		25088E3C29D1B7C2006799CA /* PBXTargetDependency */ = {
			isa = PBXTargetDependency;
			target = 25088E2A29D1B7BE006799CA /* CleverApp */;
			targetProxy = 25088E3B29D1B7C2006799CA /* PBXContainerItemProxy */;
		};
		25088E4629D1B7C2006799CA /* PBXTargetDependency */ = {
			isa = PBXTargetDependency;
			target = 25088E2A29D1B7BE006799CA /* CleverApp */;
			targetProxy = 25088E4529D1B7C2006799CA /* PBXContainerItemProxy */;
		};
		25088E5D29D1CCB2006799CA /* PBXTargetDependency */ = {
			isa = PBXTargetDependency;
			target = 25088DCF29CDD33D006799CA /* CleverImage */;
			targetProxy = 25088E5C29D1CCB2006799CA /* PBXContainerItemProxy */;
		};
/* End PBXTargetDependency section */

/* Begin XCBuildConfiguration section */
		25088DE029CDD33E006799CA /* Debug */ = {
			isa = XCBuildConfiguration;
			buildSettings = {
				ALWAYS_SEARCH_USER_PATHS = NO;
				CLANG_ANALYZER_NONNULL = YES;
				CLANG_ANALYZER_NUMBER_OBJECT_CONVERSION = YES_AGGRESSIVE;
				CLANG_CXX_LANGUAGE_STANDARD = "gnu++20";
				CLANG_ENABLE_MODULES = YES;
				CLANG_ENABLE_OBJC_ARC = YES;
				CLANG_ENABLE_OBJC_WEAK = YES;
				CLANG_WARN_BLOCK_CAPTURE_AUTORELEASING = YES;
				CLANG_WARN_BOOL_CONVERSION = YES;
				CLANG_WARN_COMMA = YES;
				CLANG_WARN_CONSTANT_CONVERSION = YES;
				CLANG_WARN_DEPRECATED_OBJC_IMPLEMENTATIONS = YES;
				CLANG_WARN_DIRECT_OBJC_ISA_USAGE = YES_ERROR;
				CLANG_WARN_DOCUMENTATION_COMMENTS = YES;
				CLANG_WARN_EMPTY_BODY = YES;
				CLANG_WARN_ENUM_CONVERSION = YES;
				CLANG_WARN_INFINITE_RECURSION = YES;
				CLANG_WARN_INT_CONVERSION = YES;
				CLANG_WARN_NON_LITERAL_NULL_CONVERSION = YES;
				CLANG_WARN_OBJC_IMPLICIT_RETAIN_SELF = YES;
				CLANG_WARN_OBJC_LITERAL_CONVERSION = YES;
				CLANG_WARN_OBJC_ROOT_CLASS = YES_ERROR;
				CLANG_WARN_QUOTED_INCLUDE_IN_FRAMEWORK_HEADER = YES;
				CLANG_WARN_RANGE_LOOP_ANALYSIS = YES;
				CLANG_WARN_STRICT_PROTOTYPES = YES;
				CLANG_WARN_SUSPICIOUS_MOVE = YES;
				CLANG_WARN_UNGUARDED_AVAILABILITY = YES_AGGRESSIVE;
				CLANG_WARN_UNREACHABLE_CODE = YES;
				CLANG_WARN__DUPLICATE_METHOD_MATCH = YES;
				COPY_PHASE_STRIP = NO;
				CURRENT_PROJECT_VERSION = 1;
				DEBUG_INFORMATION_FORMAT = dwarf;
				ENABLE_STRICT_OBJC_MSGSEND = YES;
				ENABLE_TESTABILITY = YES;
				GCC_C_LANGUAGE_STANDARD = gnu11;
				GCC_DYNAMIC_NO_PIC = NO;
				GCC_NO_COMMON_BLOCKS = YES;
				GCC_OPTIMIZATION_LEVEL = 0;
				GCC_PREPROCESSOR_DEFINITIONS = (
					"DEBUG=1",
					"$(inherited)",
				);
				GCC_WARN_64_TO_32_BIT_CONVERSION = YES;
				GCC_WARN_ABOUT_RETURN_TYPE = YES_ERROR;
				GCC_WARN_UNDECLARED_SELECTOR = YES;
				GCC_WARN_UNINITIALIZED_AUTOS = YES_AGGRESSIVE;
				GCC_WARN_UNUSED_FUNCTION = YES;
				GCC_WARN_UNUSED_VARIABLE = YES;
				IPHONEOS_DEPLOYMENT_TARGET = 14.0;
				MACOSX_DEPLOYMENT_TARGET = 13.1;
				MTL_ENABLE_DEBUG_INFO = INCLUDE_SOURCE;
				MTL_FAST_MATH = YES;
				ONLY_ACTIVE_ARCH = YES;
				SDKROOT = macosx;
				SUPPORTED_PLATFORMS = "macosx iphoneos iphonesimulator";
				SWIFT_ACTIVE_COMPILATION_CONDITIONS = DEBUG;
				SWIFT_OPTIMIZATION_LEVEL = "-Onone";
				VERSIONING_SYSTEM = "apple-generic";
				VERSION_INFO_PREFIX = "";
			};
			name = Debug;
		};
		25088DE129CDD33E006799CA /* Release */ = {
			isa = XCBuildConfiguration;
			buildSettings = {
				ALWAYS_SEARCH_USER_PATHS = NO;
				CLANG_ANALYZER_NONNULL = YES;
				CLANG_ANALYZER_NUMBER_OBJECT_CONVERSION = YES_AGGRESSIVE;
				CLANG_CXX_LANGUAGE_STANDARD = "gnu++20";
				CLANG_ENABLE_MODULES = YES;
				CLANG_ENABLE_OBJC_ARC = YES;
				CLANG_ENABLE_OBJC_WEAK = YES;
				CLANG_WARN_BLOCK_CAPTURE_AUTORELEASING = YES;
				CLANG_WARN_BOOL_CONVERSION = YES;
				CLANG_WARN_COMMA = YES;
				CLANG_WARN_CONSTANT_CONVERSION = YES;
				CLANG_WARN_DEPRECATED_OBJC_IMPLEMENTATIONS = YES;
				CLANG_WARN_DIRECT_OBJC_ISA_USAGE = YES_ERROR;
				CLANG_WARN_DOCUMENTATION_COMMENTS = YES;
				CLANG_WARN_EMPTY_BODY = YES;
				CLANG_WARN_ENUM_CONVERSION = YES;
				CLANG_WARN_INFINITE_RECURSION = YES;
				CLANG_WARN_INT_CONVERSION = YES;
				CLANG_WARN_NON_LITERAL_NULL_CONVERSION = YES;
				CLANG_WARN_OBJC_IMPLICIT_RETAIN_SELF = YES;
				CLANG_WARN_OBJC_LITERAL_CONVERSION = YES;
				CLANG_WARN_OBJC_ROOT_CLASS = YES_ERROR;
				CLANG_WARN_QUOTED_INCLUDE_IN_FRAMEWORK_HEADER = YES;
				CLANG_WARN_RANGE_LOOP_ANALYSIS = YES;
				CLANG_WARN_STRICT_PROTOTYPES = YES;
				CLANG_WARN_SUSPICIOUS_MOVE = YES;
				CLANG_WARN_UNGUARDED_AVAILABILITY = YES_AGGRESSIVE;
				CLANG_WARN_UNREACHABLE_CODE = YES;
				CLANG_WARN__DUPLICATE_METHOD_MATCH = YES;
				COPY_PHASE_STRIP = NO;
				CURRENT_PROJECT_VERSION = 1;
				DEBUG_INFORMATION_FORMAT = "dwarf-with-dsym";
				ENABLE_NS_ASSERTIONS = NO;
				ENABLE_STRICT_OBJC_MSGSEND = YES;
				GCC_C_LANGUAGE_STANDARD = gnu11;
				GCC_NO_COMMON_BLOCKS = YES;
				GCC_WARN_64_TO_32_BIT_CONVERSION = YES;
				GCC_WARN_ABOUT_RETURN_TYPE = YES_ERROR;
				GCC_WARN_UNDECLARED_SELECTOR = YES;
				GCC_WARN_UNINITIALIZED_AUTOS = YES_AGGRESSIVE;
				GCC_WARN_UNUSED_FUNCTION = YES;
				GCC_WARN_UNUSED_VARIABLE = YES;
				IPHONEOS_DEPLOYMENT_TARGET = 14.0;
				MACOSX_DEPLOYMENT_TARGET = 13.1;
				MTL_ENABLE_DEBUG_INFO = NO;
				MTL_FAST_MATH = YES;
				SDKROOT = macosx;
				SUPPORTED_PLATFORMS = "macosx iphoneos iphonesimulator";
				SWIFT_COMPILATION_MODE = wholemodule;
				SWIFT_OPTIMIZATION_LEVEL = "-O";
				VERSIONING_SYSTEM = "apple-generic";
				VERSION_INFO_PREFIX = "";
			};
			name = Release;
		};
		25088DE329CDD33E006799CA /* Debug */ = {
			isa = XCBuildConfiguration;
			buildSettings = {
				CLANG_ENABLE_MODULES = YES;
				CODE_SIGN_STYLE = Automatic;
				COMBINE_HIDPI_IMAGES = YES;
				CURRENT_PROJECT_VERSION = 1;
				DEFINES_MODULE = YES;
				DEVELOPMENT_TEAM = 93RW74SNFB;
				DYLIB_COMPATIBILITY_VERSION = 1;
				DYLIB_CURRENT_VERSION = 1;
				DYLIB_INSTALL_NAME_BASE = "@rpath";
				GENERATE_INFOPLIST_FILE = YES;
				INFOPLIST_KEY_NSHumanReadableCopyright = "";
				INSTALL_PATH = "$(LOCAL_LIBRARY_DIR)/Frameworks";
				LD_RUNPATH_SEARCH_PATHS = (
					"$(inherited)",
					"@executable_path/../Frameworks",
					"@loader_path/Frameworks",
				);
				MARKETING_VERSION = 1.0;
				PRODUCT_BUNDLE_IDENTIFIER = es.jorgifumi.CleverImage;
				PRODUCT_NAME = "$(TARGET_NAME:c99extidentifier)";
				SKIP_INSTALL = YES;
				SWIFT_EMIT_LOC_STRINGS = YES;
				SWIFT_OPTIMIZATION_LEVEL = "-Onone";
				SWIFT_VERSION = 5.0;
			};
			name = Debug;
		};
		25088DE429CDD33E006799CA /* Release */ = {
			isa = XCBuildConfiguration;
			buildSettings = {
				CLANG_ENABLE_MODULES = YES;
				CODE_SIGN_STYLE = Automatic;
				COMBINE_HIDPI_IMAGES = YES;
				CURRENT_PROJECT_VERSION = 1;
				DEFINES_MODULE = YES;
				DEVELOPMENT_TEAM = 93RW74SNFB;
				DYLIB_COMPATIBILITY_VERSION = 1;
				DYLIB_CURRENT_VERSION = 1;
				DYLIB_INSTALL_NAME_BASE = "@rpath";
				GENERATE_INFOPLIST_FILE = YES;
				INFOPLIST_KEY_NSHumanReadableCopyright = "";
				INSTALL_PATH = "$(LOCAL_LIBRARY_DIR)/Frameworks";
				LD_RUNPATH_SEARCH_PATHS = (
					"$(inherited)",
					"@executable_path/../Frameworks",
					"@loader_path/Frameworks",
				);
				MARKETING_VERSION = 1.0;
				PRODUCT_BUNDLE_IDENTIFIER = es.jorgifumi.CleverImage;
				PRODUCT_NAME = "$(TARGET_NAME:c99extidentifier)";
				SKIP_INSTALL = YES;
				SWIFT_EMIT_LOC_STRINGS = YES;
				SWIFT_VERSION = 5.0;
			};
			name = Release;
		};
		25088DE629CDD33E006799CA /* Debug */ = {
			isa = XCBuildConfiguration;
			buildSettings = {
				ALWAYS_EMBED_SWIFT_STANDARD_LIBRARIES = YES;
				CLANG_ENABLE_MODULES = YES;
				CODE_SIGN_STYLE = Automatic;
				CURRENT_PROJECT_VERSION = 1;
				DEVELOPMENT_TEAM = 93RW74SNFB;
				GENERATE_INFOPLIST_FILE = YES;
				LD_RUNPATH_SEARCH_PATHS = (
					"$(inherited)",
					"@executable_path/Frameworks",
					"@loader_path/Frameworks",
				);
				MARKETING_VERSION = 1.0;
				PRODUCT_BUNDLE_IDENTIFIER = es.jorgifumi.CleverImageTests;
				PRODUCT_NAME = "$(TARGET_NAME)";
				SWIFT_EMIT_LOC_STRINGS = NO;
				SWIFT_OPTIMIZATION_LEVEL = "-Onone";
				SWIFT_VERSION = 5.0;
			};
			name = Debug;
		};
		25088DE729CDD33E006799CA /* Release */ = {
			isa = XCBuildConfiguration;
			buildSettings = {
				ALWAYS_EMBED_SWIFT_STANDARD_LIBRARIES = YES;
				CLANG_ENABLE_MODULES = YES;
				CODE_SIGN_STYLE = Automatic;
				CURRENT_PROJECT_VERSION = 1;
				DEVELOPMENT_TEAM = 93RW74SNFB;
				GENERATE_INFOPLIST_FILE = YES;
				LD_RUNPATH_SEARCH_PATHS = (
					"$(inherited)",
					"@executable_path/Frameworks",
					"@loader_path/Frameworks",
				);
				MARKETING_VERSION = 1.0;
				PRODUCT_BUNDLE_IDENTIFIER = es.jorgifumi.CleverImageTests;
				PRODUCT_NAME = "$(TARGET_NAME)";
				SWIFT_EMIT_LOC_STRINGS = NO;
				SWIFT_VERSION = 5.0;
			};
			name = Release;
		};
		25088E4C29D1B7C2006799CA /* Debug */ = {
			isa = XCBuildConfiguration;
			buildSettings = {
				ASSETCATALOG_COMPILER_APPICON_NAME = AppIcon;
				ASSETCATALOG_COMPILER_GLOBAL_ACCENT_COLOR_NAME = AccentColor;
				CODE_SIGN_STYLE = Automatic;
				CURRENT_PROJECT_VERSION = 1;
				DEVELOPMENT_ASSET_PATHS = "\"CleverApp/Preview Content\"";
				DEVELOPMENT_TEAM = 93RW74SNFB;
				ENABLE_PREVIEWS = YES;
				GENERATE_INFOPLIST_FILE = YES;
				INFOPLIST_KEY_UIApplicationSceneManifest_Generation = YES;
				INFOPLIST_KEY_UIApplicationSupportsIndirectInputEvents = YES;
				INFOPLIST_KEY_UILaunchScreen_Generation = YES;
				INFOPLIST_KEY_UISupportedInterfaceOrientations_iPad = "UIInterfaceOrientationPortrait UIInterfaceOrientationPortraitUpsideDown UIInterfaceOrientationLandscapeLeft UIInterfaceOrientationLandscapeRight";
				INFOPLIST_KEY_UISupportedInterfaceOrientations_iPhone = "UIInterfaceOrientationPortrait UIInterfaceOrientationLandscapeLeft UIInterfaceOrientationLandscapeRight";
				IPHONEOS_DEPLOYMENT_TARGET = 14.0;
				LD_RUNPATH_SEARCH_PATHS = (
					"$(inherited)",
					"@executable_path/Frameworks",
				);
				MARKETING_VERSION = 1.0;
				PRODUCT_BUNDLE_IDENTIFIER = es.jorgifumi.CleverApp;
				PRODUCT_NAME = "$(TARGET_NAME)";
				SDKROOT = iphoneos;
				SWIFT_EMIT_LOC_STRINGS = YES;
				SWIFT_VERSION = 5.0;
				TARGETED_DEVICE_FAMILY = "1,2";
			};
			name = Debug;
		};
		25088E4D29D1B7C2006799CA /* Release */ = {
			isa = XCBuildConfiguration;
			buildSettings = {
				ASSETCATALOG_COMPILER_APPICON_NAME = AppIcon;
				ASSETCATALOG_COMPILER_GLOBAL_ACCENT_COLOR_NAME = AccentColor;
				CODE_SIGN_STYLE = Automatic;
				CURRENT_PROJECT_VERSION = 1;
				DEVELOPMENT_ASSET_PATHS = "\"CleverApp/Preview Content\"";
				DEVELOPMENT_TEAM = 93RW74SNFB;
				ENABLE_PREVIEWS = YES;
				GENERATE_INFOPLIST_FILE = YES;
				INFOPLIST_KEY_UIApplicationSceneManifest_Generation = YES;
				INFOPLIST_KEY_UIApplicationSupportsIndirectInputEvents = YES;
				INFOPLIST_KEY_UILaunchScreen_Generation = YES;
				INFOPLIST_KEY_UISupportedInterfaceOrientations_iPad = "UIInterfaceOrientationPortrait UIInterfaceOrientationPortraitUpsideDown UIInterfaceOrientationLandscapeLeft UIInterfaceOrientationLandscapeRight";
				INFOPLIST_KEY_UISupportedInterfaceOrientations_iPhone = "UIInterfaceOrientationPortrait UIInterfaceOrientationLandscapeLeft UIInterfaceOrientationLandscapeRight";
				IPHONEOS_DEPLOYMENT_TARGET = 14.0;
				LD_RUNPATH_SEARCH_PATHS = (
					"$(inherited)",
					"@executable_path/Frameworks",
				);
				MARKETING_VERSION = 1.0;
				PRODUCT_BUNDLE_IDENTIFIER = es.jorgifumi.CleverApp;
				PRODUCT_NAME = "$(TARGET_NAME)";
				SDKROOT = iphoneos;
				SWIFT_EMIT_LOC_STRINGS = YES;
				SWIFT_VERSION = 5.0;
				TARGETED_DEVICE_FAMILY = "1,2";
				VALIDATE_PRODUCT = YES;
			};
			name = Release;
		};
		25088E4E29D1B7C2006799CA /* Debug */ = {
			isa = XCBuildConfiguration;
			buildSettings = {
				ALWAYS_EMBED_SWIFT_STANDARD_LIBRARIES = YES;
				BUNDLE_LOADER = "$(TEST_HOST)";
				CODE_SIGN_STYLE = Automatic;
				CURRENT_PROJECT_VERSION = 1;
				DEVELOPMENT_TEAM = 93RW74SNFB;
				GENERATE_INFOPLIST_FILE = YES;
				IPHONEOS_DEPLOYMENT_TARGET = 16.2;
				MARKETING_VERSION = 1.0;
				PRODUCT_BUNDLE_IDENTIFIER = es.jorgifumi.CleverAppTests;
				PRODUCT_NAME = "$(TARGET_NAME)";
				SDKROOT = iphoneos;
				SWIFT_EMIT_LOC_STRINGS = NO;
				SWIFT_VERSION = 5.0;
				TARGETED_DEVICE_FAMILY = "1,2";
				TEST_HOST = "$(BUILT_PRODUCTS_DIR)/CleverApp.app/$(BUNDLE_EXECUTABLE_FOLDER_PATH)/CleverApp";
			};
			name = Debug;
		};
		25088E4F29D1B7C2006799CA /* Release */ = {
			isa = XCBuildConfiguration;
			buildSettings = {
				ALWAYS_EMBED_SWIFT_STANDARD_LIBRARIES = YES;
				BUNDLE_LOADER = "$(TEST_HOST)";
				CODE_SIGN_STYLE = Automatic;
				CURRENT_PROJECT_VERSION = 1;
				DEVELOPMENT_TEAM = 93RW74SNFB;
				GENERATE_INFOPLIST_FILE = YES;
				IPHONEOS_DEPLOYMENT_TARGET = 16.2;
				MARKETING_VERSION = 1.0;
				PRODUCT_BUNDLE_IDENTIFIER = es.jorgifumi.CleverAppTests;
				PRODUCT_NAME = "$(TARGET_NAME)";
				SDKROOT = iphoneos;
				SWIFT_EMIT_LOC_STRINGS = NO;
				SWIFT_VERSION = 5.0;
				TARGETED_DEVICE_FAMILY = "1,2";
				TEST_HOST = "$(BUILT_PRODUCTS_DIR)/CleverApp.app/$(BUNDLE_EXECUTABLE_FOLDER_PATH)/CleverApp";
				VALIDATE_PRODUCT = YES;
			};
			name = Release;
		};
		25088E5029D1B7C2006799CA /* Debug */ = {
			isa = XCBuildConfiguration;
			buildSettings = {
				ALWAYS_EMBED_SWIFT_STANDARD_LIBRARIES = YES;
				CODE_SIGN_STYLE = Automatic;
				CURRENT_PROJECT_VERSION = 1;
				DEVELOPMENT_TEAM = 93RW74SNFB;
				GENERATE_INFOPLIST_FILE = YES;
				IPHONEOS_DEPLOYMENT_TARGET = 16.2;
				MARKETING_VERSION = 1.0;
				PRODUCT_BUNDLE_IDENTIFIER = es.jorgifumi.CleverAppUITests;
				PRODUCT_NAME = "$(TARGET_NAME)";
				SDKROOT = iphoneos;
				SWIFT_EMIT_LOC_STRINGS = NO;
				SWIFT_VERSION = 5.0;
				TARGETED_DEVICE_FAMILY = "1,2";
				TEST_TARGET_NAME = CleverApp;
			};
			name = Debug;
		};
		25088E5129D1B7C2006799CA /* Release */ = {
			isa = XCBuildConfiguration;
			buildSettings = {
				ALWAYS_EMBED_SWIFT_STANDARD_LIBRARIES = YES;
				CODE_SIGN_STYLE = Automatic;
				CURRENT_PROJECT_VERSION = 1;
				DEVELOPMENT_TEAM = 93RW74SNFB;
				GENERATE_INFOPLIST_FILE = YES;
				IPHONEOS_DEPLOYMENT_TARGET = 16.2;
				MARKETING_VERSION = 1.0;
				PRODUCT_BUNDLE_IDENTIFIER = es.jorgifumi.CleverAppUITests;
				PRODUCT_NAME = "$(TARGET_NAME)";
				SDKROOT = iphoneos;
				SWIFT_EMIT_LOC_STRINGS = NO;
				SWIFT_VERSION = 5.0;
				TARGETED_DEVICE_FAMILY = "1,2";
				TEST_TARGET_NAME = CleverApp;
				VALIDATE_PRODUCT = YES;
			};
			name = Release;
		};
/* End XCBuildConfiguration section */

/* Begin XCConfigurationList section */
		25088DCA29CDD33D006799CA /* Build configuration list for PBXProject "CleverImage" */ = {
			isa = XCConfigurationList;
			buildConfigurations = (
				25088DE029CDD33E006799CA /* Debug */,
				25088DE129CDD33E006799CA /* Release */,
			);
			defaultConfigurationIsVisible = 0;
			defaultConfigurationName = Release;
		};
		25088DE229CDD33E006799CA /* Build configuration list for PBXNativeTarget "CleverImage" */ = {
			isa = XCConfigurationList;
			buildConfigurations = (
				25088DE329CDD33E006799CA /* Debug */,
				25088DE429CDD33E006799CA /* Release */,
			);
			defaultConfigurationIsVisible = 0;
			defaultConfigurationName = Release;
		};
		25088DE529CDD33E006799CA /* Build configuration list for PBXNativeTarget "CleverImageTests" */ = {
			isa = XCConfigurationList;
			buildConfigurations = (
				25088DE629CDD33E006799CA /* Debug */,
				25088DE729CDD33E006799CA /* Release */,
			);
			defaultConfigurationIsVisible = 0;
			defaultConfigurationName = Release;
		};
		25088E5229D1B7C2006799CA /* Build configuration list for PBXNativeTarget "CleverApp" */ = {
			isa = XCConfigurationList;
			buildConfigurations = (
				25088E4C29D1B7C2006799CA /* Debug */,
				25088E4D29D1B7C2006799CA /* Release */,
			);
			defaultConfigurationIsVisible = 0;
			defaultConfigurationName = Release;
		};
		25088E5329D1B7C2006799CA /* Build configuration list for PBXNativeTarget "CleverAppTests" */ = {
			isa = XCConfigurationList;
			buildConfigurations = (
				25088E4E29D1B7C2006799CA /* Debug */,
				25088E4F29D1B7C2006799CA /* Release */,
			);
			defaultConfigurationIsVisible = 0;
			defaultConfigurationName = Release;
		};
		25088E5429D1B7C2006799CA /* Build configuration list for PBXNativeTarget "CleverAppUITests" */ = {
			isa = XCConfigurationList;
			buildConfigurations = (
				25088E5029D1B7C2006799CA /* Debug */,
				25088E5129D1B7C2006799CA /* Release */,
			);
			defaultConfigurationIsVisible = 0;
			defaultConfigurationName = Release;
		};
/* End XCConfigurationList section */
	};
	rootObject = 25088DC729CDD33D006799CA /* Project object */;
}
